<Solution>
  <Folder Name="/src/">
    <Project Path="src/Mnemora.Api/Mnemora.Api.csproj" />
    <Project Path="src/Mnemora.Application/Mnemora.Application.csproj" />
    <Project Path="src/Mnemora.Domain/Mnemora.Domain.csproj" />
    <Project Path="src/Mnemora.Infrastructure/Mnemora.Infrastructure.csproj" />
  </Folder>
  <Folder Name="/tests/">
    <Project Path="tests/Mnemora.Tests/Mnemora.Tests.csproj" />
  </Folder>
</Solution>
